
Microsoft Visual Studio Solution File, Format Version 12.00
# Visual Studio Version 17
VisualStudioVersion = 17.7.34221.43
MinimumVisualStudioVersion = 10.0.40219.1
Project("{FAE04EC0-301F-11D3-BF4B-00C04F79EFBC}") = "Products", "Products\Products.csproj", "{7C3F277A-BC4B-4841-8D45-DE57CD1DB426}"
EndProject
Global
	GlobalSection(SolutionConfigurationPlatforms) = preSolution
		Debug|Any CPU = Debug|Any CPU
		Release|Any CPU = Release|Any CPU
	EndGlobalSection
	GlobalSection(ProjectConfigurationPlatforms) = postSolution
		{7C3F277A-BC4B-4841-8D45-DE57CD1DB426}.Debug|Any CPU.ActiveCfg = Debug|Any CPU
		{7C3F277A-BC4B-4841-8D45-DE57CD1DB426}.Debug|Any CPU.Build.0 = Debug|Any CPU
		{7C3F277A-BC4B-4841-8D45-DE57CD1DB426}.Release|Any CPU.ActiveCfg = Release|Any CPU
		{7C3F277A-BC4B-4841-8D45-DE57CD1DB426}.Release|Any CPU.Build.0 = Release|Any CPU
	EndGlobalSection
	GlobalSection(SolutionProperties) = preSolution
		HideSolutionNode = FALSE
	EndGlobalSection
	GlobalSection(ExtensibilityGlobals) = postSolution
		SolutionGuid = {47046259-63C1-4F67-8B33-E2936FABB84B}
	EndGlobalSection
EndGlobal
